
Microsoft Visual Studio Solution File, Format Version 12.00
# Visual Studio Version 17
VisualStudioVersion = 17.1.32113.165
MinimumVisualStudioVersion = 10.0.40219.1
Project("{9A19103F-16F7-4668-BE54-9A1E7A4F7556}") = "Task_Additional_Calculator", "Task_Additional_Calculator\Task_Additional_Calculator.csproj", "{59832B8D-5075-4B58-9CB5-B0DEF4087369}"
EndProject
Project("{9A19103F-16F7-4668-BE54-9A1E7A4F7556}") = "Task2_Workers", "Task2_Workers\Task2_Workers.csproj", "{ADEB69E5-9980-47CB-ADA3-CD5253DBBFDE}"
EndProject
Project("{2150E333-8FDC-42A3-9474-1A3956D46DE8}") = "Solution Items", "Solution Items", "{3AC1D9A0-1D33-4DD9-9B12-DA9579A463C4}"
	ProjectSection(SolutionItems) = preProject
		.editorconfig = .editorconfig
	EndProjectSection
EndProject
Project("{FAE04EC0-301F-11D3-BF4B-00C04F79EFBC}") = "Task3_Price", "Task3_Price\Task3_Price.csproj", "{6989ABF6-910E-47C1-A2C6-F0F2AECF3D66}"
EndProject
Global
	GlobalSection(SolutionConfigurationPlatforms) = preSolution
		Debug|Any CPU = Debug|Any CPU
		Release|Any CPU = Release|Any CPU
	EndGlobalSection
	GlobalSection(ProjectConfigurationPlatforms) = postSolution
		{59832B8D-5075-4B58-9CB5-B0DEF4087369}.Debug|Any CPU.ActiveCfg = Debug|Any CPU
		{59832B8D-5075-4B58-9CB5-B0DEF4087369}.Debug|Any CPU.Build.0 = Debug|Any CPU
		{59832B8D-5075-4B58-9CB5-B0DEF4087369}.Release|Any CPU.ActiveCfg = Release|Any CPU
		{59832B8D-5075-4B58-9CB5-B0DEF4087369}.Release|Any CPU.Build.0 = Release|Any CPU
		{ADEB69E5-9980-47CB-ADA3-CD5253DBBFDE}.Debug|Any CPU.ActiveCfg = Debug|Any CPU
		{ADEB69E5-9980-47CB-ADA3-CD5253DBBFDE}.Debug|Any CPU.Build.0 = Debug|Any CPU
		{ADEB69E5-9980-47CB-ADA3-CD5253DBBFDE}.Release|Any CPU.ActiveCfg = Release|Any CPU
		{ADEB69E5-9980-47CB-ADA3-CD5253DBBFDE}.Release|Any CPU.Build.0 = Release|Any CPU
		{6989ABF6-910E-47C1-A2C6-F0F2AECF3D66}.Debug|Any CPU.ActiveCfg = Debug|Any CPU
		{6989ABF6-910E-47C1-A2C6-F0F2AECF3D66}.Debug|Any CPU.Build.0 = Debug|Any CPU
		{6989ABF6-910E-47C1-A2C6-F0F2AECF3D66}.Release|Any CPU.ActiveCfg = Release|Any CPU
		{6989ABF6-910E-47C1-A2C6-F0F2AECF3D66}.Release|Any CPU.Build.0 = Release|Any CPU
	EndGlobalSection
	GlobalSection(SolutionProperties) = preSolution
		HideSolutionNode = FALSE
	EndGlobalSection
	GlobalSection(ExtensibilityGlobals) = postSolution
		SolutionGuid = {51170676-C5FD-4485-A483-470DF971DA51}
	EndGlobalSection
EndGlobal
